
Microsoft Visual Studio Solution File, Format Version 12.00
# Visual Studio Version 17
VisualStudioVersion = 17.0.31903.59
MinimumVisualStudioVersion = 10.0.40219.1
Project("{2150E333-8FDC-42A3-9474-1A3956D46DE8}") = "src", "src", "{827E0CD3-B72D-47B6-A68D-7590B98EB39B}"
EndProject
Project("{FAE04EC0-301F-11D3-BF4B-00C04F79EFBC}") = "AgentGuard.Engine", "src\AgentGuard.Engine\AgentGuard.Engine.csproj", "{0C0F8D60-139B-446C-9464-3CA61E40946E}"
EndProject
Project("{FAE04EC0-301F-11D3-BF4B-00C04F79EFBC}") = "AgentGuard.Cli", "src\AgentGuard.Cli\AgentGuard.Cli.csproj", "{B86C1F94-E893-46F8-8E93-CDC767FD4A10}"
EndProject
Project("{FAE04EC0-301F-11D3-BF4B-00C04F79EFBC}") = "AgentGuard.Tests", "tests\AgentGuard.Tests\AgentGuard.Tests.csproj", "{8D732E6E-2369-465B-8E1C-0E80C1F76EAA}"
EndProject
Project("{FAE04EC0-301F-11D3-BF4B-00C04F79EFBC}") = "AgentGuard.Analyzers", "analyzers\AgentGuard.Analyzers\AgentGuard.Analyzers.csproj", "{FBBC6014-85B1-4081-94FC-C724A544BF43}"
EndProject
Project("{FAE04EC0-301F-11D3-BF4B-00C04F79EFBC}") = "AgentGuard.Analyzers.Tests", "analyzers\AgentGuard.Analyzers.Tests\AgentGuard.Analyzers.Tests.csproj", "{E9E15EB1-D6D7-43D0-AA40-855F4A6606F6}"
EndProject
Project("{FAE04EC0-301F-11D3-BF4B-00C04F79EFBC}") = "AgentGuard.CrossPlatform", "src\AgentGuard.CrossPlatform\AgentGuard.CrossPlatform.csproj", "{2DDD8277-902B-4BE1-98F9-DC2B0D3A2000}"
EndProject
Project("{2150E333-8FDC-42A3-9474-1A3956D46DE8}") = "analyzers", "analyzers", "{F883AD26-E2D9-0064-49F2-B333EF800629}"
EndProject
Project("{FAE04EC0-301F-11D3-BF4B-00C04F79EFBC}") = "AgentGuard.CrossPlatform.MacOS", "src\AgentGuard.CrossPlatform.MacOS\AgentGuard.CrossPlatform.MacOS.csproj", "{E1B6C7D0-A2CC-46F8-A2D2-AAC39398A8B3}"
EndProject
Project("{FAE04EC0-301F-11D3-BF4B-00C04F79EFBC}") = "AgentGuard.CrossPlatform.Linux", "src\AgentGuard.CrossPlatform.Linux\AgentGuard.CrossPlatform.Linux.csproj", "{52C0B5AC-0570-495E-9D04-E5DCCA0B1FDD}"
EndProject
Project("{FAE04EC0-301F-11D3-BF4B-00C04F79EFBC}") = "AgentGuard.CrossPlatform.Windows", "src\AgentGuard.CrossPlatform.Windows\AgentGuard.CrossPlatform.Windows.csproj", "{1CD7A93A-491E-4E0D-9CBD-B912A5E210DE}"
EndProject
Project("{2150E333-8FDC-42A3-9474-1A3956D46DE8}") = "tests", "tests", "{0AB3BF05-4346-4AA6-1389-037BE0695223}"
EndProject
Project("{FAE04EC0-301F-11D3-BF4B-00C04F79EFBC}") = "AgentGuard.CrossPlatform.Tests", "tests\AgentGuard.CrossPlatform.Tests\AgentGuard.CrossPlatform.Tests.csproj", "{45010A1A-97FF-46AC-959F-65F7B608A164}"
EndProject
Global
	GlobalSection(SolutionConfigurationPlatforms) = preSolution
		Debug|Any CPU = Debug|Any CPU
		Debug|x64 = Debug|x64
		Debug|x86 = Debug|x86
		Release|Any CPU = Release|Any CPU
		Release|x64 = Release|x64
		Release|x86 = Release|x86
	EndGlobalSection
	GlobalSection(ProjectConfigurationPlatforms) = postSolution
		{0C0F8D60-139B-446C-9464-3CA61E40946E}.Debug|Any CPU.ActiveCfg = Debug|Any CPU
		{0C0F8D60-139B-446C-9464-3CA61E40946E}.Debug|Any CPU.Build.0 = Debug|Any CPU
		{0C0F8D60-139B-446C-9464-3CA61E40946E}.Debug|x64.ActiveCfg = Debug|Any CPU
		{0C0F8D60-139B-446C-9464-3CA61E40946E}.Debug|x64.Build.0 = Debug|Any CPU
		{0C0F8D60-139B-446C-9464-3CA61E40946E}.Debug|x86.ActiveCfg = Debug|Any CPU
		{0C0F8D60-139B-446C-9464-3CA61E40946E}.Debug|x86.Build.0 = Debug|Any CPU
		{0C0F8D60-139B-446C-9464-3CA61E40946E}.Release|Any CPU.ActiveCfg = Release|Any CPU
		{0C0F8D60-139B-446C-9464-3CA61E40946E}.Release|Any CPU.Build.0 = Release|Any CPU
		{0C0F8D60-139B-446C-9464-3CA61E40946E}.Release|x64.ActiveCfg = Release|Any CPU
		{0C0F8D60-139B-446C-9464-3CA61E40946E}.Release|x64.Build.0 = Release|Any CPU
		{0C0F8D60-139B-446C-9464-3CA61E40946E}.Release|x86.ActiveCfg = Release|Any CPU
		{0C0F8D60-139B-446C-9464-3CA61E40946E}.Release|x86.Build.0 = Release|Any CPU
		{B86C1F94-E893-46F8-8E93-CDC767FD4A10}.Debug|Any CPU.ActiveCfg = Debug|Any CPU
		{B86C1F94-E893-46F8-8E93-CDC767FD4A10}.Debug|Any CPU.Build.0 = Debug|Any CPU
		{B86C1F94-E893-46F8-8E93-CDC767FD4A10}.Debug|x64.ActiveCfg = Debug|Any CPU
		{B86C1F94-E893-46F8-8E93-CDC767FD4A10}.Debug|x64.Build.0 = Debug|Any CPU
		{B86C1F94-E893-46F8-8E93-CDC767FD4A10}.Debug|x86.ActiveCfg = Debug|Any CPU
		{B86C1F94-E893-46F8-8E93-CDC767FD4A10}.Debug|x86.Build.0 = Debug|Any CPU
		{B86C1F94-E893-46F8-8E93-CDC767FD4A10}.Release|Any CPU.ActiveCfg = Release|Any CPU
		{B86C1F94-E893-46F8-8E93-CDC767FD4A10}.Release|Any CPU.Build.0 = Release|Any CPU
		{B86C1F94-E893-46F8-8E93-CDC767FD4A10}.Release|x64.ActiveCfg = Release|Any CPU
		{B86C1F94-E893-46F8-8E93-CDC767FD4A10}.Release|x64.Build.0 = Release|Any CPU
		{B86C1F94-E893-46F8-8E93-CDC767FD4A10}.Release|x86.ActiveCfg = Release|Any CPU
		{B86C1F94-E893-46F8-8E93-CDC767FD4A10}.Release|x86.Build.0 = Release|Any CPU
		{8D732E6E-2369-465B-8E1C-0E80C1F76EAA}.Debug|Any CPU.ActiveCfg = Debug|Any CPU
		{8D732E6E-2369-465B-8E1C-0E80C1F76EAA}.Debug|Any CPU.Build.0 = Debug|Any CPU
		{8D732E6E-2369-465B-8E1C-0E80C1F76EAA}.Debug|x64.ActiveCfg = Debug|Any CPU
		{8D732E6E-2369-465B-8E1C-0E80C1F76EAA}.Debug|x64.Build.0 = Debug|Any CPU
		{8D732E6E-2369-465B-8E1C-0E80C1F76EAA}.Debug|x86.ActiveCfg = Debug|Any CPU
		{8D732E6E-2369-465B-8E1C-0E80C1F76EAA}.Debug|x86.Build.0 = Debug|Any CPU
		{8D732E6E-2369-465B-8E1C-0E80C1F76EAA}.Release|Any CPU.ActiveCfg = Release|Any CPU
		{8D732E6E-2369-465B-8E1C-0E80C1F76EAA}.Release|Any CPU.Build.0 = Release|Any CPU
		{8D732E6E-2369-465B-8E1C-0E80C1F76EAA}.Release|x64.ActiveCfg = Release|Any CPU
		{8D732E6E-2369-465B-8E1C-0E80C1F76EAA}.Release|x64.Build.0 = Release|Any CPU
		{8D732E6E-2369-465B-8E1C-0E80C1F76EAA}.Release|x86.ActiveCfg = Release|Any CPU
		{8D732E6E-2369-465B-8E1C-0E80C1F76EAA}.Release|x86.Build.0 = Release|Any CPU
		{FBBC6014-85B1-4081-94FC-C724A544BF43}.Debug|Any CPU.ActiveCfg = Debug|Any CPU
		{FBBC6014-85B1-4081-94FC-C724A544BF43}.Debug|Any CPU.Build.0 = Debug|Any CPU
		{FBBC6014-85B1-4081-94FC-C724A544BF43}.Debug|x64.ActiveCfg = Debug|Any CPU
		{FBBC6014-85B1-4081-94FC-C724A544BF43}.Debug|x64.Build.0 = Debug|Any CPU
		{FBBC6014-85B1-4081-94FC-C724A544BF43}.Debug|x86.ActiveCfg = Debug|Any CPU
		{FBBC6014-85B1-4081-94FC-C724A544BF43}.Debug|x86.Build.0 = Debug|Any CPU
		{FBBC6014-85B1-4081-94FC-C724A544BF43}.Release|Any CPU.ActiveCfg = Release|Any CPU
		{FBBC6014-85B1-4081-94FC-C724A544BF43}.Release|Any CPU.Build.0 = Release|Any CPU
		{FBBC6014-85B1-4081-94FC-C724A544BF43}.Release|x64.ActiveCfg = Release|Any CPU
		{FBBC6014-85B1-4081-94FC-C724A544BF43}.Release|x64.Build.0 = Release|Any CPU
		{FBBC6014-85B1-4081-94FC-C724A544BF43}.Release|x86.ActiveCfg = Release|Any CPU
		{FBBC6014-85B1-4081-94FC-C724A544BF43}.Release|x86.Build.0 = Release|Any CPU
		{E9E15EB1-D6D7-43D0-AA40-855F4A6606F6}.Debug|Any CPU.ActiveCfg = Debug|Any CPU
		{E9E15EB1-D6D7-43D0-AA40-855F4A6606F6}.Debug|Any CPU.Build.0 = Debug|Any CPU
		{E9E15EB1-D6D7-43D0-AA40-855F4A6606F6}.Debug|x64.ActiveCfg = Debug|Any CPU
		{E9E15EB1-D6D7-43D0-AA40-855F4A6606F6}.Debug|x64.Build.0 = Debug|Any CPU
		{E9E15EB1-D6D7-43D0-AA40-855F4A6606F6}.Debug|x86.ActiveCfg = Debug|Any CPU
		{E9E15EB1-D6D7-43D0-AA40-855F4A6606F6}.Debug|x86.Build.0 = Debug|Any CPU
		{E9E15EB1-D6D7-43D0-AA40-855F4A6606F6}.Release|Any CPU.ActiveCfg = Release|Any CPU
		{E9E15EB1-D6D7-43D0-AA40-855F4A6606F6}.Release|Any CPU.Build.0 = Release|Any CPU
		{E9E15EB1-D6D7-43D0-AA40-855F4A6606F6}.Release|x64.ActiveCfg = Release|Any CPU
		{E9E15EB1-D6D7-43D0-AA40-855F4A6606F6}.Release|x64.Build.0 = Release|Any CPU
		{E9E15EB1-D6D7-43D0-AA40-855F4A6606F6}.Release|x86.ActiveCfg = Release|Any CPU
		{E9E15EB1-D6D7-43D0-AA40-855F4A6606F6}.Release|x86.Build.0 = Release|Any CPU
		{2DDD8277-902B-4BE1-98F9-DC2B0D3A2000}.Debug|Any CPU.ActiveCfg = Debug|Any CPU
		{2DDD8277-902B-4BE1-98F9-DC2B0D3A2000}.Debug|Any CPU.Build.0 = Debug|Any CPU
		{2DDD8277-902B-4BE1-98F9-DC2B0D3A2000}.Debug|x64.ActiveCfg = Debug|Any CPU
		{2DDD8277-902B-4BE1-98F9-DC2B0D3A2000}.Debug|x64.Build.0 = Debug|Any CPU
		{2DDD8277-902B-4BE1-98F9-DC2B0D3A2000}.Debug|x86.ActiveCfg = Debug|Any CPU
		{2DDD8277-902B-4BE1-98F9-DC2B0D3A2000}.Debug|x86.Build.0 = Debug|Any CPU
		{2DDD8277-902B-4BE1-98F9-DC2B0D3A2000}.Release|Any CPU.ActiveCfg = Release|Any CPU
		{2DDD8277-902B-4BE1-98F9-DC2B0D3A2000}.Release|Any CPU.Build.0 = Release|Any CPU
		{2DDD8277-902B-4BE1-98F9-DC2B0D3A2000}.Release|x64.ActiveCfg = Release|Any CPU
		{2DDD8277-902B-4BE1-98F9-DC2B0D3A2000}.Release|x64.Build.0 = Release|Any CPU
		{2DDD8277-902B-4BE1-98F9-DC2B0D3A2000}.Release|x86.ActiveCfg = Release|Any CPU
		{2DDD8277-902B-4BE1-98F9-DC2B0D3A2000}.Release|x86.Build.0 = Release|Any CPU
		{E1B6C7D0-A2CC-46F8-A2D2-AAC39398A8B3}.Debug|Any CPU.ActiveCfg = Debug|Any CPU
		{E1B6C7D0-A2CC-46F8-A2D2-AAC39398A8B3}.Debug|Any CPU.Build.0 = Debug|Any CPU
		{E1B6C7D0-A2CC-46F8-A2D2-AAC39398A8B3}.Debug|x64.ActiveCfg = Debug|Any CPU
		{E1B6C7D0-A2CC-46F8-A2D2-AAC39398A8B3}.Debug|x64.Build.0 = Debug|Any CPU
		{E1B6C7D0-A2CC-46F8-A2D2-AAC39398A8B3}.Debug|x86.ActiveCfg = Debug|Any CPU
		{E1B6C7D0-A2CC-46F8-A2D2-AAC39398A8B3}.Debug|x86.Build.0 = Debug|Any CPU
		{E1B6C7D0-A2CC-46F8-A2D2-AAC39398A8B3}.Release|Any CPU.ActiveCfg = Release|Any CPU
		{E1B6C7D0-A2CC-46F8-A2D2-AAC39398A8B3}.Release|Any CPU.Build.0 = Release|Any CPU
		{E1B6C7D0-A2CC-46F8-A2D2-AAC39398A8B3}.Release|x64.ActiveCfg = Release|Any CPU
		{E1B6C7D0-A2CC-46F8-A2D2-AAC39398A8B3}.Release|x64.Build.0 = Release|Any CPU
		{E1B6C7D0-A2CC-46F8-A2D2-AAC39398A8B3}.Release|x86.ActiveCfg = Release|Any CPU
		{E1B6C7D0-A2CC-46F8-A2D2-AAC39398A8B3}.Release|x86.Build.0 = Release|Any CPU
		{52C0B5AC-0570-495E-9D04-E5DCCA0B1FDD}.Debug|Any CPU.ActiveCfg = Debug|Any CPU
		{52C0B5AC-0570-495E-9D04-E5DCCA0B1FDD}.Debug|Any CPU.Build.0 = Debug|Any CPU
		{52C0B5AC-0570-495E-9D04-E5DCCA0B1FDD}.Debug|x64.ActiveCfg = Debug|Any CPU
		{52C0B5AC-0570-495E-9D04-E5DCCA0B1FDD}.Debug|x64.Build.0 = Debug|Any CPU
		{52C0B5AC-0570-495E-9D04-E5DCCA0B1FDD}.Debug|x86.ActiveCfg = Debug|Any CPU
		{52C0B5AC-0570-495E-9D04-E5DCCA0B1FDD}.Debug|x86.Build.0 = Debug|Any CPU
		{52C0B5AC-0570-495E-9D04-E5DCCA0B1FDD}.Release|Any CPU.ActiveCfg = Release|Any CPU
		{52C0B5AC-0570-495E-9D04-E5DCCA0B1FDD}.Release|Any CPU.Build.0 = Release|Any CPU
		{52C0B5AC-0570-495E-9D04-E5DCCA0B1FDD}.Release|x64.ActiveCfg = Release|Any CPU
		{52C0B5AC-0570-495E-9D04-E5DCCA0B1FDD}.Release|x64.Build.0 = Release|Any CPU
		{52C0B5AC-0570-495E-9D04-E5DCCA0B1FDD}.Release|x86.ActiveCfg = Release|Any CPU
		{52C0B5AC-0570-495E-9D04-E5DCCA0B1FDD}.Release|x86.Build.0 = Release|Any CPU
		{1CD7A93A-491E-4E0D-9CBD-B912A5E210DE}.Debug|Any CPU.ActiveCfg = Debug|Any CPU
		{1CD7A93A-491E-4E0D-9CBD-B912A5E210DE}.Debug|Any CPU.Build.0 = Debug|Any CPU
		{1CD7A93A-491E-4E0D-9CBD-B912A5E210DE}.Debug|x64.ActiveCfg = Debug|Any CPU
		{1CD7A93A-491E-4E0D-9CBD-B912A5E210DE}.Debug|x64.Build.0 = Debug|Any CPU
		{1CD7A93A-491E-4E0D-9CBD-B912A5E210DE}.Debug|x86.ActiveCfg = Debug|Any CPU
		{1CD7A93A-491E-4E0D-9CBD-B912A5E210DE}.Debug|x86.Build.0 = Debug|Any CPU
		{1CD7A93A-491E-4E0D-9CBD-B912A5E210DE}.Release|Any CPU.ActiveCfg = Release|Any CPU
		{1CD7A93A-491E-4E0D-9CBD-B912A5E210DE}.Release|Any CPU.Build.0 = Release|Any CPU
		{1CD7A93A-491E-4E0D-9CBD-B912A5E210DE}.Release|x64.ActiveCfg = Release|Any CPU
		{1CD7A93A-491E-4E0D-9CBD-B912A5E210DE}.Release|x64.Build.0 = Release|Any CPU
		{1CD7A93A-491E-4E0D-9CBD-B912A5E210DE}.Release|x86.ActiveCfg = Release|Any CPU
		{1CD7A93A-491E-4E0D-9CBD-B912A5E210DE}.Release|x86.Build.0 = Release|Any CPU
		{45010A1A-97FF-46AC-959F-65F7B608A164}.Debug|Any CPU.ActiveCfg = Debug|Any CPU
		{45010A1A-97FF-46AC-959F-65F7B608A164}.Debug|Any CPU.Build.0 = Debug|Any CPU
		{45010A1A-97FF-46AC-959F-65F7B608A164}.Debug|x64.ActiveCfg = Debug|Any CPU
		{45010A1A-97FF-46AC-959F-65F7B608A164}.Debug|x64.Build.0 = Debug|Any CPU
		{45010A1A-97FF-46AC-959F-65F7B608A164}.Debug|x86.ActiveCfg = Debug|Any CPU
		{45010A1A-97FF-46AC-959F-65F7B608A164}.Debug|x86.Build.0 = Debug|Any CPU
		{45010A1A-97FF-46AC-959F-65F7B608A164}.Release|Any CPU.ActiveCfg = Release|Any CPU
		{45010A1A-97FF-46AC-959F-65F7B608A164}.Release|Any CPU.Build.0 = Release|Any CPU
		{45010A1A-97FF-46AC-959F-65F7B608A164}.Release|x64.ActiveCfg = Release|Any CPU
		{45010A1A-97FF-46AC-959F-65F7B608A164}.Release|x64.Build.0 = Release|Any CPU
		{45010A1A-97FF-46AC-959F-65F7B608A164}.Release|x86.ActiveCfg = Release|Any CPU
		{45010A1A-97FF-46AC-959F-65F7B608A164}.Release|x86.Build.0 = Release|Any CPU
	EndGlobalSection
	GlobalSection(SolutionProperties) = preSolution
		HideSolutionNode = FALSE
	EndGlobalSection
	GlobalSection(NestedProjects) = preSolution
		{0C0F8D60-139B-446C-9464-3CA61E40946E} = {827E0CD3-B72D-47B6-A68D-7590B98EB39B}
		{B86C1F94-E893-46F8-8E93-CDC767FD4A10} = {827E0CD3-B72D-47B6-A68D-7590B98EB39B}
		{8D732E6E-2369-465B-8E1C-0E80C1F76EAA} = {827E0CD3-B72D-47B6-A68D-7590B98EB39B}
		{FBBC6014-85B1-4081-94FC-C724A544BF43} = {827E0CD3-B72D-47B6-A68D-7590B98EB39B}
		{E9E15EB1-D6D7-43D0-AA40-855F4A6606F6} = {827E0CD3-B72D-47B6-A68D-7590B98EB39B}
		{2DDD8277-902B-4BE1-98F9-DC2B0D3A2000} = {827E0CD3-B72D-47B6-A68D-7590B98EB39B}
		{E1B6C7D0-A2CC-46F8-A2D2-AAC39398A8B3} = {827E0CD3-B72D-47B6-A68D-7590B98EB39B}
		{52C0B5AC-0570-495E-9D04-E5DCCA0B1FDD} = {827E0CD3-B72D-47B6-A68D-7590B98EB39B}
		{1CD7A93A-491E-4E0D-9CBD-B912A5E210DE} = {827E0CD3-B72D-47B6-A68D-7590B98EB39B}
		{45010A1A-97FF-46AC-959F-65F7B608A164} = {0AB3BF05-4346-4AA6-1389-037BE0695223}
	EndGlobalSection
EndGlobal
